Microsoft Visual Studio Solution File, Format Version 12.00
# Visual Studio Version 18
VisualStudioVersion = 18.3.11415.281 d18.3
MinimumVisualStudioVersion = 10.0.40219.1
Project("{FAE04EC0-301F-11D3-BF4B-00C04F79EFBC}") = "RentMate", "RentMate-Web\RentMate.csproj", "{454A310F-3371-984D-4DEC-66AD187178A9}"
EndProject
Project("{FAE04EC0-301F-11D3-BF4B-00C04F79EFBC}") = "RentMate.Shared", "RentMate.Shared\RentMate.Shared.csproj", "{BF1EFA47-C732-4232-A423-5917AA161A64}"
EndProject
Global
	GlobalSection(SolutionConfigurationPlatforms) = preSolution
		Debug|Any CPU = Debug|Any CPU
		Release|Any CPU = Release|Any CPU
	EndGlobalSection
	GlobalSection(ProjectConfigurationPlatforms) = postSolution
		{454A310F-3371-984D-4DEC-66AD187178A9}.Debug|Any CPU.ActiveCfg = Debug|Any CPU
		{454A310F-3371-984D-4DEC-66AD187178A9}.Debug|Any CPU.Build.0 = Debug|Any CPU
		{454A310F-3371-984D-4DEC-66AD187178A9}.Release|Any CPU.ActiveCfg = Release|Any CPU
		{454A310F-3371-984D-4DEC-66AD187178A9}.Release|Any CPU.Build.0 = Release|Any CPU
		{BF1EFA47-C732-4232-A423-5917AA161A64}.Debug|Any CPU.ActiveCfg = Debug|Any CPU
		{BF1EFA47-C732-4232-A423-5917AA161A64}.Debug|Any CPU.Build.0 = Debug|Any CPU
		{BF1EFA47-C732-4232-A423-5917AA161A64}.Release|Any CPU.ActiveCfg = Release|Any CPU
		{BF1EFA47-C732-4232-A423-5917AA161A64}.Release|Any CPU.Build.0 = Release|Any CPU
	EndGlobalSection
	GlobalSection(SolutionProperties) = preSolution
		HideSolutionNode = FALSE
	EndGlobalSection
EndGlobal
