
Microsoft Visual Studio Solution File, Format Version 12.00
# Visual Studio Version 17
VisualStudioVersion = 17.14.36616.10
MinimumVisualStudioVersion = 10.0.40219.1
Project("{FAE04EC0-301F-11D3-BF4B-00C04F79EFBC}") = "RentMate", "RentMate-Web\RentMate.csproj", "{454A310F-3371-984D-4DEC-66AD187178A9}"
EndProject
Project("{FAE04EC0-301F-11D3-BF4B-00C04F79EFBC}") = "RentMateMobile", "RentMateMobile\RentMateMobile.csproj", "{A82C5280-713E-4F4E-BAF3-1DFC530A55F6}"
EndProject
Global
	GlobalSection(SolutionConfigurationPlatforms) = preSolution
		Debug|Any CPU = Debug|Any CPU
		Release|Any CPU = Release|Any CPU
	EndGlobalSection
	GlobalSection(ProjectConfigurationPlatforms) = postSolution
		{454A310F-3371-984D-4DEC-66AD187178A9}.Debug|Any CPU.ActiveCfg = Debug|Any CPU
		{454A310F-3371-984D-4DEC-66AD187178A9}.Debug|Any CPU.Build.0 = Debug|Any CPU
		{454A310F-3371-984D-4DEC-66AD187178A9}.Release|Any CPU.ActiveCfg = Release|Any CPU
		{454A310F-3371-984D-4DEC-66AD187178A9}.Release|Any CPU.Build.0 = Release|Any CPU
		{A82C5280-713E-4F4E-BAF3-1DFC530A55F6}.Debug|Any CPU.ActiveCfg = Debug|Any CPU
		{A82C5280-713E-4F4E-BAF3-1DFC530A55F6}.Debug|Any CPU.Build.0 = Debug|Any CPU
		{A82C5280-713E-4F4E-BAF3-1DFC530A55F6}.Debug|Any CPU.Deploy.0 = Debug|Any CPU
		{A82C5280-713E-4F4E-BAF3-1DFC530A55F6}.Release|Any CPU.ActiveCfg = Release|Any CPU
		{A82C5280-713E-4F4E-BAF3-1DFC530A55F6}.Release|Any CPU.Build.0 = Release|Any CPU
		{A82C5280-713E-4F4E-BAF3-1DFC530A55F6}.Release|Any CPU.Deploy.0 = Release|Any CPU
	EndGlobalSection
	GlobalSection(SolutionProperties) = preSolution
		HideSolutionNode = FALSE
	EndGlobalSection
	GlobalSection(ExtensibilityGlobals) = postSolution
		SolutionGuid = {7399A169-C5D9-491F-9D83-D3E165853F00}
	EndGlobalSection
EndGlobal
